Microsoft Visual Studio Solution File, Format Version 12.00
VisualStudioVersion = 12.0.0.0
MinimumVisualStudioVersion = 10.0.0.1
Project("{FAE04EC0-301F-11D3-BF4B-00C04F79EFBC}") = "Avalonia.Cairo.Bindings", "src\Avalonia.Cairo.Bindings.csproj", "{34C49C15-3286-4F67-A166-E07D9EBEEA97}"
EndProject
Project("{2150E333-8FDC-42A3-9474-1A3956D46DE8}") = "samples", "samples", "{57FB6B68-D897-43B8-BAF0-8E2B55296228}"
EndProject
Project("{FAE04EC0-301F-11D3-BF4B-00C04F79EFBC}") = "arc", "samples\arc.csproj", "{EF07659C-91C3-41DE-B6BA-C6FD2D76B525}"
EndProject
Project("{FAE04EC0-301F-11D3-BF4B-00C04F79EFBC}") = "arcneg", "samples\arcneg.csproj", "{ECA52519-DEAF-4A4D-A592-46E2A3221A6D}"
EndProject
Project("{FAE04EC0-301F-11D3-BF4B-00C04F79EFBC}") = "clip", "samples\clip.csproj", "{E8672E0F-0DE7-4428-A5C3-B5D07B5FFE7B}"
EndProject
Project("{FAE04EC0-301F-11D3-BF4B-00C04F79EFBC}") = "clip_img", "samples\clip_img.csproj", "{EBA2FF26-D313-43A5-8BCA-1A9D7E9D5E44}"
EndProject
Project("{FAE04EC0-301F-11D3-BF4B-00C04F79EFBC}") = "curve_rect", "samples\curve_rect.csproj", "{4E883180-D476-4559-BED5-8FF4082EE54A}"
EndProject
Project("{FAE04EC0-301F-11D3-BF4B-00C04F79EFBC}") = "curve_to", "samples\curve_to.csproj", "{8F4398BA-4433-46CF-8497-5A6A407D8AAA}"
EndProject
Project("{FAE04EC0-301F-11D3-BF4B-00C04F79EFBC}") = "fillstroke", "samples\fillstroke.csproj", "{F3973B4B-DC4A-4C61-A6CE-503399DA5C56}"
EndProject
Project("{FAE04EC0-301F-11D3-BF4B-00C04F79EFBC}") = "gradient", "samples\gradient.csproj", "{B067D135-9350-457F-AD6D-27EC0630CB1D}"
EndProject
Project("{FAE04EC0-301F-11D3-BF4B-00C04F79EFBC}") = "image", "samples\image.csproj", "{2ADCDD29-AF6E-4A5B-9879-0A45F82EE607}"
EndProject
Project("{FAE04EC0-301F-11D3-BF4B-00C04F79EFBC}") = "image_pattern", "samples\image_pattern.csproj", "{01DAB91C-04C2-4964-B6BF-6BF93E6CF87A}"
EndProject
Project("{FAE04EC0-301F-11D3-BF4B-00C04F79EFBC}") = "knockout", "samples\knockout.csproj", "{D22DFBC3-7613-45CC-B213-508A36808F82}"
EndProject
Project("{FAE04EC0-301F-11D3-BF4B-00C04F79EFBC}") = "text", "samples\text.csproj", "{496B486A-3515-43B7-BB67-CC3C9EA3EF38}"
EndProject
Global
	GlobalSection(SolutionConfigurationPlatforms) = preSolution
		Debug|Any CPU = Debug|Any CPU
		Release|Any CPU = Release|Any CPU
	EndGlobalSection
	GlobalSection(ProjectConfigurationPlatforms) = postSolution
		{34C49C15-3286-4F67-A166-E07D9EBEEA97}.Debug|Any CPU.ActiveCfg = Debug|Any CPU
		{34C49C15-3286-4F67-A166-E07D9EBEEA97}.Debug|Any CPU.Build.0 = Debug|Any CPU
		{34C49C15-3286-4F67-A166-E07D9EBEEA97}.Release|Any CPU.ActiveCfg = Release|Any CPU
		{34C49C15-3286-4F67-A166-E07D9EBEEA97}.Release|Any CPU.Build.0 = Release|Any CPU
		{EF07659C-91C3-41DE-B6BA-C6FD2D76B525}.Debug|Any CPU.ActiveCfg = Debug|Any CPU
		{EF07659C-91C3-41DE-B6BA-C6FD2D76B525}.Debug|Any CPU.Build.0 = Debug|Any CPU
		{EF07659C-91C3-41DE-B6BA-C6FD2D76B525}.Release|Any CPU.ActiveCfg = Release|Any CPU
		{EF07659C-91C3-41DE-B6BA-C6FD2D76B525}.Release|Any CPU.Build.0 = Release|Any CPU
		{ECA52519-DEAF-4A4D-A592-46E2A3221A6D}.Debug|Any CPU.ActiveCfg = Debug|Any CPU
		{ECA52519-DEAF-4A4D-A592-46E2A3221A6D}.Debug|Any CPU.Build.0 = Debug|Any CPU
		{ECA52519-DEAF-4A4D-A592-46E2A3221A6D}.Release|Any CPU.ActiveCfg = Release|Any CPU
		{ECA52519-DEAF-4A4D-A592-46E2A3221A6D}.Release|Any CPU.Build.0 = Release|Any CPU
		{E8672E0F-0DE7-4428-A5C3-B5D07B5FFE7B}.Debug|Any CPU.ActiveCfg = Debug|Any CPU
		{E8672E0F-0DE7-4428-A5C3-B5D07B5FFE7B}.Debug|Any CPU.Build.0 = Debug|Any CPU
		{E8672E0F-0DE7-4428-A5C3-B5D07B5FFE7B}.Release|Any CPU.ActiveCfg = Release|Any CPU
		{E8672E0F-0DE7-4428-A5C3-B5D07B5FFE7B}.Release|Any CPU.Build.0 = Release|Any CPU
		{EBA2FF26-D313-43A5-8BCA-1A9D7E9D5E44}.Debug|Any CPU.ActiveCfg = Debug|Any CPU
		{EBA2FF26-D313-43A5-8BCA-1A9D7E9D5E44}.Debug|Any CPU.Build.0 = Debug|Any CPU
		{EBA2FF26-D313-43A5-8BCA-1A9D7E9D5E44}.Release|Any CPU.ActiveCfg = Release|Any CPU
		{EBA2FF26-D313-43A5-8BCA-1A9D7E9D5E44}.Release|Any CPU.Build.0 = Release|Any CPU
		{4E883180-D476-4559-BED5-8FF4082EE54A}.Debug|Any CPU.ActiveCfg = Debug|Any CPU
		{4E883180-D476-4559-BED5-8FF4082EE54A}.Debug|Any CPU.Build.0 = Debug|Any CPU
		{4E883180-D476-4559-BED5-8FF4082EE54A}.Release|Any CPU.ActiveCfg = Release|Any CPU
		{4E883180-D476-4559-BED5-8FF4082EE54A}.Release|Any CPU.Build.0 = Release|Any CPU
		{8F4398BA-4433-46CF-8497-5A6A407D8AAA}.Debug|Any CPU.ActiveCfg = Debug|Any CPU
		{8F4398BA-4433-46CF-8497-5A6A407D8AAA}.Debug|Any CPU.Build.0 = Debug|Any CPU
		{8F4398BA-4433-46CF-8497-5A6A407D8AAA}.Release|Any CPU.ActiveCfg = Release|Any CPU
		{8F4398BA-4433-46CF-8497-5A6A407D8AAA}.Release|Any CPU.Build.0 = Release|Any CPU
		{F3973B4B-DC4A-4C61-A6CE-503399DA5C56}.Debug|Any CPU.ActiveCfg = Debug|Any CPU
		{F3973B4B-DC4A-4C61-A6CE-503399DA5C56}.Debug|Any CPU.Build.0 = Debug|Any CPU
		{F3973B4B-DC4A-4C61-A6CE-503399DA5C56}.Release|Any CPU.ActiveCfg = Release|Any CPU
		{F3973B4B-DC4A-4C61-A6CE-503399DA5C56}.Release|Any CPU.Build.0 = Release|Any CPU
		{B067D135-9350-457F-AD6D-27EC0630CB1D}.Debug|Any CPU.ActiveCfg = Debug|Any CPU
		{B067D135-9350-457F-AD6D-27EC0630CB1D}.Debug|Any CPU.Build.0 = Debug|Any CPU
		{B067D135-9350-457F-AD6D-27EC0630CB1D}.Release|Any CPU.ActiveCfg = Release|Any CPU
		{B067D135-9350-457F-AD6D-27EC0630CB1D}.Release|Any CPU.Build.0 = Release|Any CPU
		{2ADCDD29-AF6E-4A5B-9879-0A45F82EE607}.Debug|Any CPU.ActiveCfg = Debug|Any CPU
		{2ADCDD29-AF6E-4A5B-9879-0A45F82EE607}.Debug|Any CPU.Build.0 = Debug|Any CPU
		{2ADCDD29-AF6E-4A5B-9879-0A45F82EE607}.Release|Any CPU.ActiveCfg = Release|Any CPU
		{2ADCDD29-AF6E-4A5B-9879-0A45F82EE607}.Release|Any CPU.Build.0 = Release|Any CPU
		{01DAB91C-04C2-4964-B6BF-6BF93E6CF87A}.Debug|Any CPU.ActiveCfg = Debug|Any CPU
		{01DAB91C-04C2-4964-B6BF-6BF93E6CF87A}.Debug|Any CPU.Build.0 = Debug|Any CPU
		{01DAB91C-04C2-4964-B6BF-6BF93E6CF87A}.Release|Any CPU.ActiveCfg = Release|Any CPU
		{01DAB91C-04C2-4964-B6BF-6BF93E6CF87A}.Release|Any CPU.Build.0 = Release|Any CPU
		{D22DFBC3-7613-45CC-B213-508A36808F82}.Debug|Any CPU.ActiveCfg = Debug|Any CPU
		{D22DFBC3-7613-45CC-B213-508A36808F82}.Debug|Any CPU.Build.0 = Debug|Any CPU
		{D22DFBC3-7613-45CC-B213-508A36808F82}.Release|Any CPU.ActiveCfg = Release|Any CPU
		{D22DFBC3-7613-45CC-B213-508A36808F82}.Release|Any CPU.Build.0 = Release|Any CPU
		{496B486A-3515-43B7-BB67-CC3C9EA3EF38}.Debug|Any CPU.ActiveCfg = Debug|Any CPU
		{496B486A-3515-43B7-BB67-CC3C9EA3EF38}.Debug|Any CPU.Build.0 = Debug|Any CPU
		{496B486A-3515-43B7-BB67-CC3C9EA3EF38}.Release|Any CPU.ActiveCfg = Release|Any CPU
		{496B486A-3515-43B7-BB67-CC3C9EA3EF38}.Release|Any CPU.Build.0 = Release|Any CPU
	EndGlobalSection
	GlobalSection(SolutionProperties) = preSolution
		HideSolutionNode = FALSE
	EndGlobalSection
	GlobalSection(NestedProjects) = preSolution
		{EF07659C-91C3-41DE-B6BA-C6FD2D76B525} = {57FB6B68-D897-43B8-BAF0-8E2B55296228}
		{ECA52519-DEAF-4A4D-A592-46E2A3221A6D} = {57FB6B68-D897-43B8-BAF0-8E2B55296228}
		{E8672E0F-0DE7-4428-A5C3-B5D07B5FFE7B} = {57FB6B68-D897-43B8-BAF0-8E2B55296228}
		{EBA2FF26-D313-43A5-8BCA-1A9D7E9D5E44} = {57FB6B68-D897-43B8-BAF0-8E2B55296228}
		{4E883180-D476-4559-BED5-8FF4082EE54A} = {57FB6B68-D897-43B8-BAF0-8E2B55296228}
		{8F4398BA-4433-46CF-8497-5A6A407D8AAA} = {57FB6B68-D897-43B8-BAF0-8E2B55296228}
		{F3973B4B-DC4A-4C61-A6CE-503399DA5C56} = {57FB6B68-D897-43B8-BAF0-8E2B55296228}
		{B067D135-9350-457F-AD6D-27EC0630CB1D} = {57FB6B68-D897-43B8-BAF0-8E2B55296228}
		{2ADCDD29-AF6E-4A5B-9879-0A45F82EE607} = {57FB6B68-D897-43B8-BAF0-8E2B55296228}
		{01DAB91C-04C2-4964-B6BF-6BF93E6CF87A} = {57FB6B68-D897-43B8-BAF0-8E2B55296228}
		{D22DFBC3-7613-45CC-B213-508A36808F82} = {57FB6B68-D897-43B8-BAF0-8E2B55296228}
		{496B486A-3515-43B7-BB67-CC3C9EA3EF38} = {57FB6B68-D897-43B8-BAF0-8E2B55296228}
	EndGlobalSection
EndGlobal
